<?xml version="1.0" encoding="utf-8"?>
<Project ToolsVersion="4.0" xmlns="http://schemas.microsoft.com/developer/msbuild/2003">
  <ItemGroup>
    <Filter Include="Platform">
      <UniqueIdentifier>{2AC788B4-1694-E3BF-3FAD-D1672BD9184E}</UniqueIdentifier>
    </Filter>
    <Filter Include="Platform\OpenGL">
      <UniqueIdentifier>{1E7D2C1D-8A08-9AE1-9319-1DD6FF23F6E1}</UniqueIdentifier>
    </Filter>
    <Filter Include="Platform\Windows">
      <UniqueIdentifier>{64FBD71A-50F4-F66C-7926-DCF1657ED678}</UniqueIdentifier>
    </Filter>
    <Filter Include="Vox">
      <UniqueIdentifier>{822F880B-EE38-887C-77B4-9E7CE3BC937C}</UniqueIdentifier>
    </Filter>
    <Filter Include="Vox\Events">
      <UniqueIdentifier>{2615819D-12CD-C2EA-7BD4-9B4667AB5DDB}</UniqueIdentifier>
    </Filter>
    <Filter Include="Vox\ImGui">
      <UniqueIdentifier>{2CBECA0C-9828-7F83-E166-30294D105DD8}</UniqueIdentifier>
    </Filter>
  </ItemGroup>
  <ItemGroup>
    <ClInclude Include="Source\Platform\OpenGL\ImGuiOpenGLRenderer.h">
      <Filter>Platform\OpenGL</Filter>
    </ClInclude>
    <ClInclude Include="Source\Platform\Windows\WinWindow.h">
      <Filter>Platform\Windows</Filter>
    </ClInclude>
    <ClInclude Include="Source\Vox.h" />
    <ClInclude Include="Source\Vox\Application.h">
      <Filter>Vox</Filter>
    </ClInclude>
    <ClInclude Include="Source\Vox\Core.h">
      <Filter>Vox</Filter>
    </ClInclude>
    <ClInclude Include="Source\Vox\EntryPoint.h">
      <Filter>Vox</Filter>
    </ClInclude>
    <ClInclude Include="Source\Vox\Events\AplicationEvent.h">
      <Filter>Vox\Events</Filter>
    </ClInclude>
    <ClInclude Include="Source\Vox\Events\Event.h">
      <Filter>Vox\Events</Filter>
    </ClInclude>
    <ClInclude Include="Source\Vox\Events\KeyEvent.h">
      <Filter>Vox\Events</Filter>
    </ClInclude>
    <ClInclude Include="Source\Vox\Events\MouseEvent.h">
      <Filter>Vox\Events</Filter>
    </ClInclude>
    <ClInclude Include="Source\Vox\ImGui\ImGuiLayer.h">
      <Filter>Vox\ImGui</Filter>
    </ClInclude>
    <ClInclude Include="Source\Vox\Layer.h">
      <Filter>Vox</Filter>
    </ClInclude>
    <ClInclude Include="Source\Vox\LayerStack.h">
      <Filter>Vox</Filter>
    </ClInclude>
    <ClInclude Include="Source\Vox\Log.h">
      <Filter>Vox</Filter>
    </ClInclude>
    <ClInclude Include="Source\Vox\Window.h">
      <Filter>Vox</Filter>
    </ClInclude>
    <ClInclude Include="Source\VoxPch.h" />
    <ClInclude Include="Source\Vox\Input.h" />
    <ClInclude Include="Source\Platform\Windows\WinInput.h" />
    <ClInclude Include="Source\Vox\KeyCodes.h" />
    <ClInclude Include="Source\Vox\MouseButtonCodes.h" />
  </ItemGroup>
  <ItemGroup>
    <ClCompile Include="Source\Platform\OpenGL\ImGuiOpenGLRenderer.cpp">
      <Filter>Platform\OpenGL</Filter>
    </ClCompile>
    <ClCompile Include="Source\Platform\Windows\WinWindow.cpp">
      <Filter>Platform\Windows</Filter>
    </ClCompile>
    <ClCompile Include="Source\Vox\Application.cpp">
      <Filter>Vox</Filter>
    </ClCompile>
    <ClCompile Include="Source\Vox\ImGui\ImGuiLayer.cpp">
      <Filter>Vox\ImGui</Filter>
    </ClCompile>
    <ClCompile Include="Source\Vox\Layer.cpp">
      <Filter>Vox</Filter>
    </ClCompile>
    <ClCompile Include="Source\Vox\LayerStack.cpp">
      <Filter>Vox</Filter>
    </ClCompile>
    <ClCompile Include="Source\Vox\Log.cpp">
      <Filter>Vox</Filter>
    </ClCompile>
    <ClCompile Include="Source\VoxPch.cpp" />
    <ClCompile Include="Source\Platform\Windows\WinInput.cpp" />
  </ItemGroup>
</Project>